// !$*UTF8*$!
{
	archiveVersion = 1;
	classes = {
	};
	objectVersion = 52;
	objects = {

/* Begin PBXBuildFile section */
		C7EDDAD626F440080001D2D9 /* HotProspectsApp.swift in Sources */ = {isa = PBXBuildFile; fileRef = C7EDDAD526F440080001D2D9 /* HotProspectsApp.swift */; };
		C7EDDAD826F440080001D2D9 /* MainAppView.swift in Sources */ = {isa = PBXBuildFile; fileRef = C7EDDAD726F440080001D2D9 /* MainAppView.swift */; };
		C7EDDADA26F4400B0001D2D9 /* Assets.xcassets in Resources */ = {isa = PBXBuildFile; fileRef = C7EDDAD926F4400B0001D2D9 /* Assets.xcassets */; };
		C7EDDADD26F4400B0001D2D9 /* Preview Assets.xcassets in Resources */ = {isa = PBXBuildFile; fileRef = C7EDDADC26F4400B0001D2D9 /* Preview Assets.xcassets */; };
		C7EDDAE726F59BA30001D2D9 /* ProspectsView.swift in Sources */ = {isa = PBXBuildFile; fileRef = C7EDDAE626F59BA30001D2D9 /* ProspectsView.swift */; };
		C7EDDAE926F59BB70001D2D9 /* MeView.swift in Sources */ = {isa = PBXBuildFile; fileRef = C7EDDAE826F59BB70001D2D9 /* MeView.swift */; };
		C7EDDAEB26F59E2F0001D2D9 /* ProspectTabItem.swift in Sources */ = {isa = PBXBuildFile; fileRef = C7EDDAEA26F59E2F0001D2D9 /* ProspectTabItem.swift */; };
		C7EDDAED26F5A11A0001D2D9 /* ProspectsStore.swift in Sources */ = {isa = PBXBuildFile; fileRef = C7EDDAEC26F5A11A0001D2D9 /* ProspectsStore.swift */; };
		C7EDDAF126F5B4B60001D2D9 /* Prospect.swift in Sources */ = {isa = PBXBuildFile; fileRef = C7EDDAF026F5B4B60001D2D9 /* Prospect.swift */; };
		C7EDDAF326F688410001D2D9 /* MyDataViewModel.swift in Sources */ = {isa = PBXBuildFile; fileRef = C7EDDAF226F688410001D2D9 /* MyDataViewModel.swift */; };
		C7EDDAF626F68D040001D2D9 /* QRCodeGenerator.swift in Sources */ = {isa = PBXBuildFile; fileRef = C7EDDAF526F68D040001D2D9 /* QRCodeGenerator.swift */; };
		C7EDDAF826F691510001D2D9 /* QRCodeViewer.swift in Sources */ = {isa = PBXBuildFile; fileRef = C7EDDAF726F691510001D2D9 /* QRCodeViewer.swift */; };
		C7EDDAFD26F69DB80001D2D9 /* CodeScanner in Frameworks */ = {isa = PBXBuildFile; productRef = C7EDDAFC26F69DB80001D2D9 /* CodeScanner */; };
		C7EDDAFF26F6E2000001D2D9 /* ProspectService.swift in Sources */ = {isa = PBXBuildFile; fileRef = C7EDDAFE26F6E2000001D2D9 /* ProspectService.swift */; };
		C7EDDB0126F6EFAC0001D2D9 /* ProspectRow.swift in Sources */ = {isa = PBXBuildFile; fileRef = C7EDDB0026F6EFAC0001D2D9 /* ProspectRow.swift */; };
		C7EDDB0426F7C3D00001D2D9 /* MailData.swift in Sources */ = {isa = PBXBuildFile; fileRef = C7EDDB0326F7C3D00001D2D9 /* MailData.swift */; };
		C7EDDB0626F7C43A0001D2D9 /* MailView.swift in Sources */ = {isa = PBXBuildFile; fileRef = C7EDDB0526F7C43A0001D2D9 /* MailView.swift */; };
/* End PBXBuildFile section */

/* Begin PBXFileReference section */
		C7EDDAD226F440080001D2D9 /* HotProspects.app */ = {isa = PBXFileReference; explicitFileType = wrapper.application; includeInIndex = 0; path = HotProspects.app; sourceTree = BUILT_PRODUCTS_DIR; };
		C7EDDAD526F440080001D2D9 /* HotProspectsApp.swift */ = {isa = PBXFileReference; lastKnownFileType = sourcecode.swift; path = HotProspectsApp.swift; sourceTree = "<group>"; };
		C7EDDAD726F440080001D2D9 /* MainAppView.swift */ = {isa = PBXFileReference; lastKnownFileType = sourcecode.swift; path = MainAppView.swift; sourceTree = "<group>"; };
		C7EDDAD926F4400B0001D2D9 /* Assets.xcassets */ = {isa = PBXFileReference; lastKnownFileType = folder.assetcatalog; path = Assets.xcassets; sourceTree = "<group>"; };
		C7EDDADC26F4400B0001D2D9 /* Preview Assets.xcassets */ = {isa = PBXFileReference; lastKnownFileType = folder.assetcatalog; path = "Preview Assets.xcassets"; sourceTree = "<group>"; };
		C7EDDADE26F4400B0001D2D9 /* Info.plist */ = {isa = PBXFileReference; lastKnownFileType = text.plist.xml; path = Info.plist; sourceTree = "<group>"; };
		C7EDDAE626F59BA30001D2D9 /* ProspectsView.swift */ = {isa = PBXFileReference; lastKnownFileType = sourcecode.swift; path = ProspectsView.swift; sourceTree = "<group>"; };
		C7EDDAE826F59BB70001D2D9 /* MeView.swift */ = {isa = PBXFileReference; lastKnownFileType = sourcecode.swift; path = MeView.swift; sourceTree = "<group>"; };
		C7EDDAEA26F59E2F0001D2D9 /* ProspectTabItem.swift */ = {isa = PBXFileReference; lastKnownFileType = sourcecode.swift; path = ProspectTabItem.swift; sourceTree = "<group>"; };
		C7EDDAEC26F5A11A0001D2D9 /* ProspectsStore.swift */ = {isa = PBXFileReference; lastKnownFileType = sourcecode.swift; path = ProspectsStore.swift; sourceTree = "<group>"; };
		C7EDDAF026F5B4B60001D2D9 /* Prospect.swift */ = {isa = PBXFileReference; lastKnownFileType = sourcecode.swift; path = Prospect.swift; sourceTree = "<group>"; };
		C7EDDAF226F688410001D2D9 /* MyDataViewModel.swift */ = {isa = PBXFileReference; lastKnownFileType = sourcecode.swift; path = MyDataViewModel.swift; sourceTree = "<group>"; };
		C7EDDAF526F68D040001D2D9 /* QRCodeGenerator.swift */ = {isa = PBXFileReference; lastKnownFileType = sourcecode.swift; path = QRCodeGenerator.swift; sourceTree = "<group>"; };
		C7EDDAF726F691510001D2D9 /* QRCodeViewer.swift */ = {isa = PBXFileReference; lastKnownFileType = sourcecode.swift; path = QRCodeViewer.swift; sourceTree = "<group>"; };
		C7EDDAFE26F6E2000001D2D9 /* ProspectService.swift */ = {isa = PBXFileReference; lastKnownFileType = sourcecode.swift; path = ProspectService.swift; sourceTree = "<group>"; };
		C7EDDB0026F6EFAC0001D2D9 /* ProspectRow.swift */ = {isa = PBXFileReference; lastKnownFileType = sourcecode.swift; path = ProspectRow.swift; sourceTree = "<group>"; };
		C7EDDB0326F7C3D00001D2D9 /* MailData.swift */ = {isa = PBXFileReference; lastKnownFileType = sourcecode.swift; path = MailData.swift; sourceTree = "<group>"; };
		C7EDDB0526F7C43A0001D2D9 /* MailView.swift */ = {isa = PBXFileReference; lastKnownFileType = sourcecode.swift; path = MailView.swift; sourceTree = "<group>"; };
/* End PBXFileReference section */

/* Begin PBXFrameworksBuildPhase section */
		C7EDDACF26F440080001D2D9 /* Frameworks */ = {
			isa = PBXFrameworksBuildPhase;
			buildActionMask = 2147483647;
			files = (
				C7EDDAFD26F69DB80001D2D9 /* CodeScanner in Frameworks */,
			);
			runOnlyForDeploymentPostprocessing = 0;
		};
/* End PBXFrameworksBuildPhase section */

/* Begin PBXGroup section */
		C7EDDAC926F440080001D2D9 = {
			isa = PBXGroup;
			children = (
				C7EDDAD426F440080001D2D9 /* HotProspects */,
				C7EDDAD326F440080001D2D9 /* Products */,
			);
			sourceTree = "<group>";
		};
		C7EDDAD326F440080001D2D9 /* Products */ = {
			isa = PBXGroup;
			children = (
				C7EDDAD226F440080001D2D9 /* HotProspects.app */,
			);
			name = Products;
			sourceTree = "<group>";
		};
		C7EDDAD426F440080001D2D9 /* HotProspects */ = {
			isa = PBXGroup;
			children = (
				C7EDDB0226F7C2660001D2D9 /* Mail */,
				C7EDDAF426F68C6D0001D2D9 /* QRCode */,
				C7EDDAE526F59B670001D2D9 /* MyData */,
				C7EDDAE426F59B590001D2D9 /* Prospects */,
				C7EDDAD526F440080001D2D9 /* HotProspectsApp.swift */,
				C7EDDAD726F440080001D2D9 /* MainAppView.swift */,
				C7EDDAD926F4400B0001D2D9 /* Assets.xcassets */,
				C7EDDADE26F4400B0001D2D9 /* Info.plist */,
				C7EDDADB26F4400B0001D2D9 /* Preview Content */,
			);
			path = HotProspects;
			sourceTree = "<group>";
		};
		C7EDDADB26F4400B0001D2D9 /* Preview Content */ = {
			isa = PBXGroup;
			children = (
				C7EDDADC26F4400B0001D2D9 /* Preview Assets.xcassets */,
			);
			path = "Preview Content";
			sourceTree = "<group>";
		};
		C7EDDAE426F59B590001D2D9 /* Prospects */ = {
			isa = PBXGroup;
			children = (
				C7EDDAE626F59BA30001D2D9 /* ProspectsView.swift */,
				C7EDDAEA26F59E2F0001D2D9 /* ProspectTabItem.swift */,
				C7EDDAEC26F5A11A0001D2D9 /* ProspectsStore.swift */,
				C7EDDAF026F5B4B60001D2D9 /* Prospect.swift */,
				C7EDDAFE26F6E2000001D2D9 /* ProspectService.swift */,
				C7EDDB0026F6EFAC0001D2D9 /* ProspectRow.swift */,
			);
			path = Prospects;
			sourceTree = "<group>";
		};
		C7EDDAE526F59B670001D2D9 /* MyData */ = {
			isa = PBXGroup;
			children = (
				C7EDDAE826F59BB70001D2D9 /* MeView.swift */,
				C7EDDAF226F688410001D2D9 /* MyDataViewModel.swift */,
			);
			path = MyData;
			sourceTree = "<group>";
		};
		C7EDDAF426F68C6D0001D2D9 /* QRCode */ = {
			isa = PBXGroup;
			children = (
				C7EDDAF526F68D040001D2D9 /* QRCodeGenerator.swift */,
				C7EDDAF726F691510001D2D9 /* QRCodeViewer.swift */,
			);
			path = QRCode;
			sourceTree = "<group>";
		};
		C7EDDB0226F7C2660001D2D9 /* Mail */ = {
			isa = PBXGroup;
			children = (
				C7EDDB0326F7C3D00001D2D9 /* MailData.swift */,
				C7EDDB0526F7C43A0001D2D9 /* MailView.swift */,
			);
			path = Mail;
			sourceTree = "<group>";
		};
/* End PBXGroup section */

/* Begin PBXNativeTarget section */
		C7EDDAD126F440080001D2D9 /* HotProspects */ = {
			isa = PBXNativeTarget;
			buildConfigurationList = C7EDDAE126F4400B0001D2D9 /* Build configuration list for PBXNativeTarget "HotProspects" */;
			buildPhases = (
				C7EDDACE26F440080001D2D9 /* Sources */,
				C7EDDACF26F440080001D2D9 /* Frameworks */,
				C7EDDAD026F440080001D2D9 /* Resources */,
			);
			buildRules = (
			);
			dependencies = (
			);
			name = HotProspects;
			packageProductDependencies = (
				C7EDDAFC26F69DB80001D2D9 /* CodeScanner */,
			);
			productName = HotProspects;
			productReference = C7EDDAD226F440080001D2D9 /* HotProspects.app */;
			productType = "com.apple.product-type.application";
		};
/* End PBXNativeTarget section */

/* Begin PBXProject section */
		C7EDDACA26F440080001D2D9 /* Project object */ = {
			isa = PBXProject;
			attributes = {
				LastSwiftUpdateCheck = 1250;
				LastUpgradeCheck = 1250;
				TargetAttributes = {
					C7EDDAD126F440080001D2D9 = {
						CreatedOnToolsVersion = 12.5.1;
					};
				};
			};
			buildConfigurationList = C7EDDACD26F440080001D2D9 /* Build configuration list for PBXProject "HotProspects" */;
			compatibilityVersion = "Xcode 9.3";
			developmentRegion = en;
			hasScannedForEncodings = 0;
			knownRegions = (
				en,
				Base,
			);
			mainGroup = C7EDDAC926F440080001D2D9;
			packageReferences = (
				C7EDDAFB26F69DB80001D2D9 /* XCRemoteSwiftPackageReference "CodeScanner" */,
			);
			productRefGroup = C7EDDAD326F440080001D2D9 /* Products */;
			projectDirPath = "";
			projectRoot = "";
			targets = (
				C7EDDAD126F440080001D2D9 /* HotProspects */,
			);
		};
/* End PBXProject section */

/* Begin PBXResourcesBuildPhase section */
		C7EDDAD026F440080001D2D9 /* Resources */ = {
			isa = PBXResourcesBuildPhase;
			buildActionMask = 2147483647;
			files = (
				C7EDDADD26F4400B0001D2D9 /* Preview Assets.xcassets in Resources */,
				C7EDDADA26F4400B0001D2D9 /* Assets.xcassets in Resources */,
			);
			runOnlyForDeploymentPostprocessing = 0;
		};
/* End PBXResourcesBuildPhase section */

/* Begin PBXSourcesBuildPhase section */
		C7EDDACE26F440080001D2D9 /* Sources */ = {
			isa = PBXSourcesBuildPhase;
			buildActionMask = 2147483647;
			files = (
				C7EDDAF826F691510001D2D9 /* QRCodeViewer.swift in Sources */,
				C7EDDAF126F5B4B60001D2D9 /* Prospect.swift in Sources */,
				C7EDDAE926F59BB70001D2D9 /* MeView.swift in Sources */,
				C7EDDAED26F5A11A0001D2D9 /* ProspectsStore.swift in Sources */,
				C7EDDB0426F7C3D00001D2D9 /* MailData.swift in Sources */,
				C7EDDB0626F7C43A0001D2D9 /* MailView.swift in Sources */,
				C7EDDB0126F6EFAC0001D2D9 /* ProspectRow.swift in Sources */,
				C7EDDAF326F688410001D2D9 /* MyDataViewModel.swift in Sources */,
				C7EDDAFF26F6E2000001D2D9 /* ProspectService.swift in Sources */,
				C7EDDAF626F68D040001D2D9 /* QRCodeGenerator.swift in Sources */,
				C7EDDAE726F59BA30001D2D9 /* ProspectsView.swift in Sources */,
				C7EDDAEB26F59E2F0001D2D9 /* ProspectTabItem.swift in Sources */,
				C7EDDAD826F440080001D2D9 /* MainAppView.swift in Sources */,
				C7EDDAD626F440080001D2D9 /* HotProspectsApp.swift in Sources */,
			);
			runOnlyForDeploymentPostprocessing = 0;
		};
/* End PBXSourcesBuildPhase section */

/* Begin XCBuildConfiguration section */
		C7EDDADF26F4400B0001D2D9 /* Debug */ = {
			isa = XCBuildConfiguration;
			buildSettings = {
				ALWAYS_SEARCH_USER_PATHS = NO;
				CLANG_ANALYZER_NONNULL = YES;
				CLANG_ANALYZER_NUMBER_OBJECT_CONVERSION = YES_AGGRESSIVE;
				CLANG_CXX_LANGUAGE_STANDARD = "gnu++14";
				CLANG_CXX_LIBRARY = "libc++";
				CLANG_ENABLE_MODULES = YES;
				CLANG_ENABLE_OBJC_ARC = YES;
				CLANG_ENABLE_OBJC_WEAK = YES;
				CLANG_WARN_BLOCK_CAPTURE_AUTORELEASING = YES;
				CLANG_WARN_BOOL_CONVERSION = YES;
				CLANG_WARN_COMMA = YES;
				CLANG_WARN_CONSTANT_CONVERSION = YES;
				CLANG_WARN_DEPRECATED_OBJC_IMPLEMENTATIONS = YES;
				CLANG_WARN_DIRECT_OBJC_ISA_USAGE = YES_ERROR;
				CLANG_WARN_DOCUMENTATION_COMMENTS = YES;
				CLANG_WARN_EMPTY_BODY = YES;
				CLANG_WARN_ENUM_CONVERSION = YES;
				CLANG_WARN_INFINITE_RECURSION = YES;
				CLANG_WARN_INT_CONVERSION = YES;
				CLANG_WARN_NON_LITERAL_NULL_CONVERSION = YES;
				CLANG_WARN_OBJC_IMPLICIT_RETAIN_SELF = YES;
				CLANG_WARN_OBJC_LITERAL_CONVERSION = YES;
				CLANG_WARN_OBJC_ROOT_CLASS = YES_ERROR;
				CLANG_WARN_QUOTED_INCLUDE_IN_FRAMEWORK_HEADER = YES;
				CLANG_WARN_RANGE_LOOP_ANALYSIS = YES;
				CLANG_WARN_STRICT_PROTOTYPES = YES;
				CLANG_WARN_SUSPICIOUS_MOVE = YES;
				CLANG_WARN_UNGUARDED_AVAILABILITY = YES_AGGRESSIVE;
				CLANG_WARN_UNREACHABLE_CODE = YES;
				CLANG_WARN__DUPLICATE_METHOD_MATCH = YES;
				COPY_PHASE_STRIP = NO;
				DEBUG_INFORMATION_FORMAT = dwarf;
				ENABLE_STRICT_OBJC_MSGSEND = YES;
				ENABLE_TESTABILITY = YES;
				GCC_C_LANGUAGE_STANDARD = gnu11;
				GCC_DYNAMIC_NO_PIC = NO;
				GCC_NO_COMMON_BLOCKS = YES;
				GCC_OPTIMIZATION_LEVEL = 0;
				GCC_PREPROCESSOR_DEFINITIONS = (
					"DEBUG=1",
					"$(inherited)",
				);
				GCC_WARN_64_TO_32_BIT_CONVERSION = YES;
				GCC_WARN_ABOUT_RETURN_TYPE = YES_ERROR;
				GCC_WARN_UNDECLARED_SELECTOR = YES;
				GCC_WARN_UNINITIALIZED_AUTOS = YES_AGGRESSIVE;
				GCC_WARN_UNUSED_FUNCTION = YES;
				GCC_WARN_UNUSED_VARIABLE = YES;
				IPHONEOS_DEPLOYMENT_TARGET = 14.5;
				MTL_ENABLE_DEBUG_INFO = INCLUDE_SOURCE;
				MTL_FAST_MATH = YES;
				ONLY_ACTIVE_ARCH = YES;
				SDKROOT = iphoneos;
				SWIFT_ACTIVE_COMPILATION_CONDITIONS = DEBUG;
				SWIFT_OPTIMIZATION_LEVEL = "-Onone";
			};
			name = Debug;
		};
		C7EDDAE026F4400B0001D2D9 /* Release */ = {
			isa = XCBuildConfiguration;
			buildSettings = {
				ALWAYS_SEARCH_USER_PATHS = NO;
				CLANG_ANALYZER_NONNULL = YES;
				CLANG_ANALYZER_NUMBER_OBJECT_CONVERSION = YES_AGGRESSIVE;
				CLANG_CXX_LANGUAGE_STANDARD = "gnu++14";
				CLANG_CXX_LIBRARY = "libc++";
				CLANG_ENABLE_MODULES = YES;
				CLANG_ENABLE_OBJC_ARC = YES;
				CLANG_ENABLE_OBJC_WEAK = YES;
				CLANG_WARN_BLOCK_CAPTURE_AUTORELEASING = YES;
				CLANG_WARN_BOOL_CONVERSION = YES;
				CLANG_WARN_COMMA = YES;
				CLANG_WARN_CONSTANT_CONVERSION = YES;
				CLANG_WARN_DEPRECATED_OBJC_IMPLEMENTATIONS = YES;
				CLANG_WARN_DIRECT_OBJC_ISA_USAGE = YES_ERROR;
				CLANG_WARN_DOCUMENTATION_COMMENTS = YES;
				CLANG_WARN_EMPTY_BODY = YES;
				CLANG_WARN_ENUM_CONVERSION = YES;
				CLANG_WARN_INFINITE_RECURSION = YES;
				CLANG_WARN_INT_CONVERSION = YES;
				CLANG_WARN_NON_LITERAL_NULL_CONVERSION = YES;
				CLANG_WARN_OBJC_IMPLICIT_RETAIN_SELF = YES;
				CLANG_WARN_OBJC_LITERAL_CONVERSION = YES;
				CLANG_WARN_OBJC_ROOT_CLASS = YES_ERROR;
				CLANG_WARN_QUOTED_INCLUDE_IN_FRAMEWORK_HEADER = YES;
				CLANG_WARN_RANGE_LOOP_ANALYSIS = YES;
				CLANG_WARN_STRICT_PROTOTYPES = YES;
				CLANG_WARN_SUSPICIOUS_MOVE = YES;
				CLANG_WARN_UNGUARDED_AVAILABILITY = YES_AGGRESSIVE;
				CLANG_WARN_UNREACHABLE_CODE = YES;
				CLANG_WARN__DUPLICATE_METHOD_MATCH = YES;
				COPY_PHASE_STRIP = NO;
				DEBUG_INFORMATION_FORMAT = "dwarf-with-dsym";
				ENABLE_NS_ASSERTIONS = NO;
				ENABLE_STRICT_OBJC_MSGSEND = YES;
				GCC_C_LANGUAGE_STANDARD = gnu11;
				GCC_NO_COMMON_BLOCKS = YES;
				GCC_WARN_64_TO_32_BIT_CONVERSION = YES;
				GCC_WARN_ABOUT_RETURN_TYPE = YES_ERROR;
				GCC_WARN_UNDECLARED_SELECTOR = YES;
				GCC_WARN_UNINITIALIZED_AUTOS = YES_AGGRESSIVE;
				GCC_WARN_UNUSED_FUNCTION = YES;
				GCC_WARN_UNUSED_VARIABLE = YES;
				IPHONEOS_DEPLOYMENT_TARGET = 14.5;
				MTL_ENABLE_DEBUG_INFO = NO;
				MTL_FAST_MATH = YES;
				SDKROOT = iphoneos;
				SWIFT_COMPILATION_MODE = wholemodule;
				SWIFT_OPTIMIZATION_LEVEL = "-O";
				VALIDATE_PRODUCT = YES;
			};
			name = Release;
		};
		C7EDDAE226F4400B0001D2D9 /* Debug */ = {
			isa = XCBuildConfiguration;
			buildSettings = {
				ASSETCATALOG_COMPILER_APPICON_NAME = AppIcon;
				ASSETCATALOG_COMPILER_GLOBAL_ACCENT_COLOR_NAME = AccentColor;
				CODE_SIGN_STYLE = Automatic;
				DEVELOPMENT_ASSET_PATHS = "\"HotProspects/Preview Content\"";
				DEVELOPMENT_TEAM = VD8R79VPP9;
				ENABLE_PREVIEWS = YES;
				INFOPLIST_FILE = HotProspects/Info.plist;
				IPHONEOS_DEPLOYMENT_TARGET = 14.0;
				LD_RUNPATH_SEARCH_PATHS = (
					"$(inherited)",
					"@executable_path/Frameworks",
				);
				PRODUCT_BUNDLE_IDENTIFIER = com.eventuallygames.HotProspects;
				PRODUCT_NAME = "$(TARGET_NAME)";
				SWIFT_VERSION = 5.0;
				TARGETED_DEVICE_FAMILY = "1,2";
			};
			name = Debug;
		};
		C7EDDAE326F4400B0001D2D9 /* Release */ = {
			isa = XCBuildConfiguration;
			buildSettings = {
				ASSETCATALOG_COMPILER_APPICON_NAME = AppIcon;
				ASSETCATALOG_COMPILER_GLOBAL_ACCENT_COLOR_NAME = AccentColor;
				CODE_SIGN_STYLE = Automatic;
				DEVELOPMENT_ASSET_PATHS = "\"HotProspects/Preview Content\"";
				DEVELOPMENT_TEAM = VD8R79VPP9;
				ENABLE_PREVIEWS = YES;
				INFOPLIST_FILE = HotProspects/Info.plist;
				IPHONEOS_DEPLOYMENT_TARGET = 14.0;
				LD_RUNPATH_SEARCH_PATHS = (
					"$(inherited)",
					"@executable_path/Frameworks",
				);
				PRODUCT_BUNDLE_IDENTIFIER = com.eventuallygames.HotProspects;
				PRODUCT_NAME = "$(TARGET_NAME)";
				SWIFT_VERSION = 5.0;
				TARGETED_DEVICE_FAMILY = "1,2";
			};
			name = Release;
		};
/* End XCBuildConfiguration section */

/* Begin XCConfigurationList section */
		C7EDDACD26F440080001D2D9 /* Build configuration list for PBXProject "HotProspects" */ = {
			isa = XCConfigurationList;
			buildConfigurations = (
				C7EDDADF26F4400B0001D2D9 /* Debug */,
				C7EDDAE026F4400B0001D2D9 /* Release */,
			);
			defaultConfigurationIsVisible = 0;
			defaultConfigurationName = Release;
		};
		C7EDDAE126F4400B0001D2D9 /* Build configuration list for PBXNativeTarget "HotProspects" */ = {
			isa = XCConfigurationList;
			buildConfigurations = (
				C7EDDAE226F4400B0001D2D9 /* Debug */,
				C7EDDAE326F4400B0001D2D9 /* Release */,
			);
			defaultConfigurationIsVisible = 0;
			defaultConfigurationName = Release;
		};
/* End XCConfigurationList section */

/* Begin XCRemoteSwiftPackageReference section */
		C7EDDAFB26F69DB80001D2D9 /* XCRemoteSwiftPackageReference "CodeScanner" */ = {
			isa = XCRemoteSwiftPackageReference;
			repositoryURL = "https://github.com/chadsmith12/CodeScanner";
			requirement = {
				kind = upToNextMajorVersion;
				minimumVersion = 1.0.7;
			};
		};
/* End XCRemoteSwiftPackageReference section */

/* Begin XCSwiftPackageProductDependency section */
		C7EDDAFC26F69DB80001D2D9 /* CodeScanner */ = {
			isa = XCSwiftPackageProductDependency;
			package = C7EDDAFB26F69DB80001D2D9 /* XCRemoteSwiftPackageReference "CodeScanner" */;
			productName = CodeScanner;
		};
/* End XCSwiftPackageProductDependency section */
	};
	rootObject = C7EDDACA26F440080001D2D9 /* Project object */;
}
